
Microsoft Visual Studio Solution File, Format Version 12.00
# Visual Studio Version 16
VisualStudioVersion = 16.0.29418.71
MinimumVisualStudioVersion = 10.0.40219.1
Project("{FAE04EC0-301F-11D3-BF4B-00C04F79EFBC}") = "OCL-Editer", "OCL-Editer\OCL-Editer.csproj", "{F26CACBB-1778-4C16-9899-E75625239158}"
EndProject
Global
	GlobalSection(SolutionConfigurationPlatforms) = preSolution
		Debug|Any CPU = Debug|Any CPU
		Release|Any CPU = Release|Any CPU
	EndGlobalSection
	GlobalSection(ProjectConfigurationPlatforms) = postSolution
		{F26CACBB-1778-4C16-9899-E75625239158}.Debug|Any CPU.ActiveCfg = Debug|Any CPU
		{F26CACBB-1778-4C16-9899-E75625239158}.Debug|Any CPU.Build.0 = Debug|Any CPU
		{F26CACBB-1778-4C16-9899-E75625239158}.Release|Any CPU.ActiveCfg = Release|Any CPU
		{F26CACBB-1778-4C16-9899-E75625239158}.Release|Any CPU.Build.0 = Release|Any CPU
	EndGlobalSection
	GlobalSection(SolutionProperties) = preSolution
		HideSolutionNode = FALSE
	EndGlobalSection
	GlobalSection(ExtensibilityGlobals) = postSolution
		SolutionGuid = {4395BFDE-96E6-4132-948F-A9EAC403C7FE}
	EndGlobalSection
EndGlobal
